
Microsoft Visual Studio Solution File, Format Version 12.00
# Visual Studio Version 16
VisualStudioVersion = 16.0.31205.134
MinimumVisualStudioVersion = 10.0.40219.1
Project("{9A19103F-16F7-4668-BE54-9A1E7A4F7556}") = "Entities", "Entities\Entities.csproj", "{636C639F-4ACB-4225-AF03-AB3F33BE9B7B}"
EndProject
Project("{9A19103F-16F7-4668-BE54-9A1E7A4F7556}") = "DataAccess", "DataAccess\DataAccess.csproj", "{F6C3C1BB-D7C1-4B1F-ACF2-B2C0D535BDDB}"
EndProject
Project("{9A19103F-16F7-4668-BE54-9A1E7A4F7556}") = "Business", "Business\Business.csproj", "{0A4D7445-79CF-4A61-9B21-026FD39B4474}"
EndProject
Project("{9A19103F-16F7-4668-BE54-9A1E7A4F7556}") = "ConsoleUI", "ConsoleUI\ConsoleUI.csproj", "{3A9B1841-23B8-4528-84CD-E9606E9FF446}"
EndProject
Project("{9A19103F-16F7-4668-BE54-9A1E7A4F7556}") = "Core", "Core\Core.csproj", "{FD3EDE37-ECE8-4433-9895-D7FD472AB37D}"
EndProject
Project("{FAE04EC0-301F-11D3-BF4B-00C04F79EFBC}") = "WebAPI", "WebAPI\WebAPI.csproj", "{30A4B965-EC51-4D0A-9096-07132BE4D101}"
EndProject
Global
	GlobalSection(SolutionConfigurationPlatforms) = preSolution
		Debug|Any CPU = Debug|Any CPU
		Release|Any CPU = Release|Any CPU
	EndGlobalSection
	GlobalSection(ProjectConfigurationPlatforms) = postSolution
		{636C639F-4ACB-4225-AF03-AB3F33BE9B7B}.Debug|Any CPU.ActiveCfg = Debug|Any CPU
		{636C639F-4ACB-4225-AF03-AB3F33BE9B7B}.Debug|Any CPU.Build.0 = Debug|Any CPU
		{636C639F-4ACB-4225-AF03-AB3F33BE9B7B}.Release|Any CPU.ActiveCfg = Release|Any CPU
		{636C639F-4ACB-4225-AF03-AB3F33BE9B7B}.Release|Any CPU.Build.0 = Release|Any CPU
		{F6C3C1BB-D7C1-4B1F-ACF2-B2C0D535BDDB}.Debug|Any CPU.ActiveCfg = Debug|Any CPU
		{F6C3C1BB-D7C1-4B1F-ACF2-B2C0D535BDDB}.Debug|Any CPU.Build.0 = Debug|Any CPU
		{F6C3C1BB-D7C1-4B1F-ACF2-B2C0D535BDDB}.Release|Any CPU.ActiveCfg = Release|Any CPU
		{F6C3C1BB-D7C1-4B1F-ACF2-B2C0D535BDDB}.Release|Any CPU.Build.0 = Release|Any CPU
		{0A4D7445-79CF-4A61-9B21-026FD39B4474}.Debug|Any CPU.ActiveCfg = Debug|Any CPU
		{0A4D7445-79CF-4A61-9B21-026FD39B4474}.Debug|Any CPU.Build.0 = Debug|Any CPU
		{0A4D7445-79CF-4A61-9B21-026FD39B4474}.Release|Any CPU.ActiveCfg = Release|Any CPU
		{0A4D7445-79CF-4A61-9B21-026FD39B4474}.Release|Any CPU.Build.0 = Release|Any CPU
		{3A9B1841-23B8-4528-84CD-E9606E9FF446}.Debug|Any CPU.ActiveCfg = Debug|Any CPU
		{3A9B1841-23B8-4528-84CD-E9606E9FF446}.Debug|Any CPU.Build.0 = Debug|Any CPU
		{3A9B1841-23B8-4528-84CD-E9606E9FF446}.Release|Any CPU.ActiveCfg = Release|Any CPU
		{3A9B1841-23B8-4528-84CD-E9606E9FF446}.Release|Any CPU.Build.0 = Release|Any CPU
		{FD3EDE37-ECE8-4433-9895-D7FD472AB37D}.Debug|Any CPU.ActiveCfg = Debug|Any CPU
		{FD3EDE37-ECE8-4433-9895-D7FD472AB37D}.Debug|Any CPU.Build.0 = Debug|Any CPU
		{FD3EDE37-ECE8-4433-9895-D7FD472AB37D}.Release|Any CPU.ActiveCfg = Release|Any CPU
		{FD3EDE37-ECE8-4433-9895-D7FD472AB37D}.Release|Any CPU.Build.0 = Release|Any CPU
		{30A4B965-EC51-4D0A-9096-07132BE4D101}.Debug|Any CPU.ActiveCfg = Debug|Any CPU
		{30A4B965-EC51-4D0A-9096-07132BE4D101}.Debug|Any CPU.Build.0 = Debug|Any CPU
		{30A4B965-EC51-4D0A-9096-07132BE4D101}.Release|Any CPU.ActiveCfg = Release|Any CPU
		{30A4B965-EC51-4D0A-9096-07132BE4D101}.Release|Any CPU.Build.0 = Release|Any CPU
	EndGlobalSection
	GlobalSection(SolutionProperties) = preSolution
		HideSolutionNode = FALSE
	EndGlobalSection
	GlobalSection(ExtensibilityGlobals) = postSolution
		SolutionGuid = {4BD152E1-CA60-47E3-BF79-56F99C0A2021}
	EndGlobalSection
EndGlobal
